
Microsoft Visual Studio Solution File, Format Version 12.00
# Visual Studio Version 16
VisualStudioVersion = 16.0.809.7
MinimumVisualStudioVersion = 10.0.40219.1
Project("{FAE04EC0-301F-11D3-BF4B-00C04F79EFBC}") = "API", "API\API.csproj", "{EFDDF025-0949-4E11-B6F9-B72AF6B9F7CD}"
EndProject
Project("{FAE04EC0-301F-11D3-BF4B-00C04F79EFBC}") = "Website", "Website\Website.csproj", "{235102A1-014D-4696-8983-27097D47AE2E}"
EndProject
Project("{FAE04EC0-301F-11D3-BF4B-00C04F79EFBC}") = "Database", "Database\Database.csproj", "{352F82CE-21B3-4F11-B085-DBCDAF8108D1}"
EndProject
Project("{FAE04EC0-301F-11D3-BF4B-00C04F79EFBC}") = "Business", "Business\Business.csproj", "{42B0AE5B-0E29-4A3E-9541-B20A47E095FE}"
EndProject
Project("{FAE04EC0-301F-11D3-BF4B-00C04F79EFBC}") = "Tests", "Tests\Tests.csproj", "{463A7817-4B34-4837-9E33-2BED9FAEB9F2}"
EndProject
Project("{FAE04EC0-301F-11D3-BF4B-00C04F79EFBC}") = "Console", "Console\Console.csproj", "{8BE1855A-A11A-4458-A1ED-A02EF1A7F1EE}"
EndProject
Project("{FAE04EC0-301F-11D3-BF4B-00C04F79EFBC}") = "Shared", "Shared\Shared.csproj", "{8E43F9DE-8141-4698-8EF6-7E98555DD6D8}"
EndProject
Global
	GlobalSection(SolutionConfigurationPlatforms) = preSolution
		Debug|Any CPU = Debug|Any CPU
		Release|Any CPU = Release|Any CPU
	EndGlobalSection
	GlobalSection(ProjectConfigurationPlatforms) = postSolution
		{EFDDF025-0949-4E11-B6F9-B72AF6B9F7CD}.Debug|Any CPU.ActiveCfg = Debug|Any CPU
		{EFDDF025-0949-4E11-B6F9-B72AF6B9F7CD}.Debug|Any CPU.Build.0 = Debug|Any CPU
		{EFDDF025-0949-4E11-B6F9-B72AF6B9F7CD}.Release|Any CPU.ActiveCfg = Release|Any CPU
		{EFDDF025-0949-4E11-B6F9-B72AF6B9F7CD}.Release|Any CPU.Build.0 = Release|Any CPU
		{235102A1-014D-4696-8983-27097D47AE2E}.Debug|Any CPU.ActiveCfg = Debug|Any CPU
		{235102A1-014D-4696-8983-27097D47AE2E}.Debug|Any CPU.Build.0 = Debug|Any CPU
		{235102A1-014D-4696-8983-27097D47AE2E}.Release|Any CPU.ActiveCfg = Release|Any CPU
		{235102A1-014D-4696-8983-27097D47AE2E}.Release|Any CPU.Build.0 = Release|Any CPU
		{352F82CE-21B3-4F11-B085-DBCDAF8108D1}.Debug|Any CPU.ActiveCfg = Debug|Any CPU
		{352F82CE-21B3-4F11-B085-DBCDAF8108D1}.Debug|Any CPU.Build.0 = Debug|Any CPU
		{352F82CE-21B3-4F11-B085-DBCDAF8108D1}.Release|Any CPU.ActiveCfg = Release|Any CPU
		{352F82CE-21B3-4F11-B085-DBCDAF8108D1}.Release|Any CPU.Build.0 = Release|Any CPU
		{42B0AE5B-0E29-4A3E-9541-B20A47E095FE}.Debug|Any CPU.ActiveCfg = Debug|Any CPU
		{42B0AE5B-0E29-4A3E-9541-B20A47E095FE}.Debug|Any CPU.Build.0 = Debug|Any CPU
		{42B0AE5B-0E29-4A3E-9541-B20A47E095FE}.Release|Any CPU.ActiveCfg = Release|Any CPU
		{42B0AE5B-0E29-4A3E-9541-B20A47E095FE}.Release|Any CPU.Build.0 = Release|Any CPU
		{463A7817-4B34-4837-9E33-2BED9FAEB9F2}.Debug|Any CPU.ActiveCfg = Debug|Any CPU
		{463A7817-4B34-4837-9E33-2BED9FAEB9F2}.Debug|Any CPU.Build.0 = Debug|Any CPU
		{463A7817-4B34-4837-9E33-2BED9FAEB9F2}.Release|Any CPU.ActiveCfg = Release|Any CPU
		{463A7817-4B34-4837-9E33-2BED9FAEB9F2}.Release|Any CPU.Build.0 = Release|Any CPU
		{8BE1855A-A11A-4458-A1ED-A02EF1A7F1EE}.Debug|Any CPU.ActiveCfg = Debug|Any CPU
		{8BE1855A-A11A-4458-A1ED-A02EF1A7F1EE}.Debug|Any CPU.Build.0 = Debug|Any CPU
		{8BE1855A-A11A-4458-A1ED-A02EF1A7F1EE}.Release|Any CPU.ActiveCfg = Release|Any CPU
		{8BE1855A-A11A-4458-A1ED-A02EF1A7F1EE}.Release|Any CPU.Build.0 = Release|Any CPU
		{8E43F9DE-8141-4698-8EF6-7E98555DD6D8}.Debug|Any CPU.ActiveCfg = Debug|Any CPU
		{8E43F9DE-8141-4698-8EF6-7E98555DD6D8}.Debug|Any CPU.Build.0 = Debug|Any CPU
		{8E43F9DE-8141-4698-8EF6-7E98555DD6D8}.Release|Any CPU.ActiveCfg = Release|Any CPU
		{8E43F9DE-8141-4698-8EF6-7E98555DD6D8}.Release|Any CPU.Build.0 = Release|Any CPU
	EndGlobalSection
	GlobalSection(SolutionProperties) = preSolution
		HideSolutionNode = FALSE
	EndGlobalSection
	GlobalSection(ExtensibilityGlobals) = postSolution
		SolutionGuid = {5D05912B-0B99-40CD-BF70-73D66DFC96A3}
	EndGlobalSection
EndGlobal
